
Microsoft Visual Studio Solution File, Format Version 12.00
# Visual Studio 15
VisualStudioVersion = 15.0.27130.2010
MinimumVisualStudioVersion = 10.0.40219.1
Project("{FAE04EC0-301F-11D3-BF4B-00C04F79EFBC}") = "Atividade_Cinco.Android", "Atividade_Cinco\Atividade_Cinco.Android\Atividade_Cinco.Android.csproj", "{26A52EB3-5A84-4543-9333-1221C4CCADCD}"
EndProject
Project("{FAE04EC0-301F-11D3-BF4B-00C04F79EFBC}") = "Atividade_Cinco.iOS", "Atividade_Cinco\Atividade_Cinco.iOS\Atividade_Cinco.iOS.csproj", "{92D529AF-DB52-4C1A-9BAC-BFB590FAA5B1}"
EndProject
Project("{FAE04EC0-301F-11D3-BF4B-00C04F79EFBC}") = "Atividade_Cinco.UWP", "Atividade_Cinco\Atividade_Cinco.UWP\Atividade_Cinco.UWP.csproj", "{DDF8BBFC-A215-49B8-B6FD-DCEEBE0AF085}"
EndProject
Project("{FAE04EC0-301F-11D3-BF4B-00C04F79EFBC}") = "Atividade_Cinco", "Atividade_Cinco\Atividade_Cinco\Atividade_Cinco.csproj", "{FF99FBA0-53AD-4686-AEDA-572BFD83A160}"
EndProject
Global
	GlobalSection(SolutionConfigurationPlatforms) = preSolution
		Ad-Hoc|Any CPU = Ad-Hoc|Any CPU
		Ad-Hoc|ARM = Ad-Hoc|ARM
		Ad-Hoc|iPhone = Ad-Hoc|iPhone
		Ad-Hoc|iPhoneSimulator = Ad-Hoc|iPhoneSimulator
		Ad-Hoc|x64 = Ad-Hoc|x64
		Ad-Hoc|x86 = Ad-Hoc|x86
		AppStore|Any CPU = AppStore|Any CPU
		AppStore|ARM = AppStore|ARM
		AppStore|iPhone = AppStore|iPhone
		AppStore|iPhoneSimulator = AppStore|iPhoneSimulator
		AppStore|x64 = AppStore|x64
		AppStore|x86 = AppStore|x86
		Debug|Any CPU = Debug|Any CPU
		Debug|ARM = Debug|ARM
		Debug|iPhone = Debug|iPhone
		Debug|iPhoneSimulator = Debug|iPhoneSimulator
		Debug|x64 = Debug|x64
		Debug|x86 = Debug|x86
		Release|Any CPU = Release|Any CPU
		Release|ARM = Release|ARM
		Release|iPhone = Release|iPhone
		Release|iPhoneSimulator = Release|iPhoneSimulator
		Release|x64 = Release|x64
		Release|x86 = Release|x86
	EndGlobalSection
	GlobalSection(ProjectConfigurationPlatforms) = postSolution
		{26A52EB3-5A84-4543-9333-1221C4CCADCD}.Ad-Hoc|Any CPU.ActiveCfg = Release|Any CPU
		{26A52EB3-5A84-4543-9333-1221C4CCADCD}.Ad-Hoc|Any CPU.Build.0 = Release|Any CPU
		{26A52EB3-5A84-4543-9333-1221C4CCADCD}.Ad-Hoc|Any CPU.Deploy.0 = Release|Any CPU
		{26A52EB3-5A84-4543-9333-1221C4CCADCD}.Ad-Hoc|ARM.ActiveCfg = Release|Any CPU
		{26A52EB3-5A84-4543-9333-1221C4CCADCD}.Ad-Hoc|ARM.Build.0 = Release|Any CPU
		{26A52EB3-5A84-4543-9333-1221C4CCADCD}.Ad-Hoc|ARM.Deploy.0 = Release|Any CPU
		{26A52EB3-5A84-4543-9333-1221C4CCADCD}.Ad-Hoc|iPhone.ActiveCfg = Release|Any CPU
		{26A52EB3-5A84-4543-9333-1221C4CCADCD}.Ad-Hoc|iPhone.Build.0 = Release|Any CPU
		{26A52EB3-5A84-4543-9333-1221C4CCADCD}.Ad-Hoc|iPhone.Deploy.0 = Release|Any CPU
		{26A52EB3-5A84-4543-9333-1221C4CCADCD}.Ad-Hoc|iPhoneSimulator.ActiveCfg = Release|Any CPU
		{26A52EB3-5A84-4543-9333-1221C4CCADCD}.Ad-Hoc|iPhoneSimulator.Build.0 = Release|Any CPU
		{26A52EB3-5A84-4543-9333-1221C4CCADCD}.Ad-Hoc|iPhoneSimulator.Deploy.0 = Release|Any CPU
		{26A52EB3-5A84-4543-9333-1221C4CCADCD}.Ad-Hoc|x64.ActiveCfg = Release|Any CPU
		{26A52EB3-5A84-4543-9333-1221C4CCADCD}.Ad-Hoc|x64.Build.0 = Release|Any CPU
		{26A52EB3-5A84-4543-9333-1221C4CCADCD}.Ad-Hoc|x64.Deploy.0 = Release|Any CPU
		{26A52EB3-5A84-4543-9333-1221C4CCADCD}.Ad-Hoc|x86.ActiveCfg = Release|Any CPU
		{26A52EB3-5A84-4543-9333-1221C4CCADCD}.Ad-Hoc|x86.Build.0 = Release|Any CPU
		{26A52EB3-5A84-4543-9333-1221C4CCADCD}.Ad-Hoc|x86.Deploy.0 = Release|Any CPU
		{26A52EB3-5A84-4543-9333-1221C4CCADCD}.AppStore|Any CPU.ActiveCfg = Release|Any CPU
		{26A52EB3-5A84-4543-9333-1221C4CCADCD}.AppStore|Any CPU.Build.0 = Release|Any CPU
		{26A52EB3-5A84-4543-9333-1221C4CCADCD}.AppStore|Any CPU.Deploy.0 = Release|Any CPU
		{26A52EB3-5A84-4543-9333-1221C4CCADCD}.AppStore|ARM.ActiveCfg = Release|Any CPU
		{26A52EB3-5A84-4543-9333-1221C4CCADCD}.AppStore|ARM.Build.0 = Release|Any CPU
		{26A52EB3-5A84-4543-9333-1221C4CCADCD}.AppStore|ARM.Deploy.0 = Release|Any CPU
		{26A52EB3-5A84-4543-9333-1221C4CCADCD}.AppStore|iPhone.ActiveCfg = Release|Any CPU
		{26A52EB3-5A84-4543-9333-1221C4CCADCD}.AppStore|iPhone.Build.0 = Release|Any CPU
		{26A52EB3-5A84-4543-9333-1221C4CCADCD}.AppStore|iPhone.Deploy.0 = Release|Any CPU
		{26A52EB3-5A84-4543-9333-1221C4CCADCD}.AppStore|iPhoneSimulator.ActiveCfg = Release|Any CPU
		{26A52EB3-5A84-4543-9333-1221C4CCADCD}.AppStore|iPhoneSimulator.Build.0 = Release|Any CPU
		{26A52EB3-5A84-4543-9333-1221C4CCADCD}.AppStore|iPhoneSimulator.Deploy.0 = Release|Any CPU
		{26A52EB3-5A84-4543-9333-1221C4CCADCD}.AppStore|x64.ActiveCfg = Release|Any CPU
		{26A52EB3-5A84-4543-9333-1221C4CCADCD}.AppStore|x64.Build.0 = Release|Any CPU
		{26A52EB3-5A84-4543-9333-1221C4CCADCD}.AppStore|x64.Deploy.0 = Release|Any CPU
		{26A52EB3-5A84-4543-9333-1221C4CCADCD}.AppStore|x86.ActiveCfg = Release|Any CPU
		{26A52EB3-5A84-4543-9333-1221C4CCADCD}.AppStore|x86.Build.0 = Release|Any CPU
		{26A52EB3-5A84-4543-9333-1221C4CCADCD}.AppStore|x86.Deploy.0 = Release|Any CPU
		{26A52EB3-5A84-4543-9333-1221C4CCADCD}.Debug|Any CPU.ActiveCfg = Debug|Any CPU
		{26A52EB3-5A84-4543-9333-1221C4CCADCD}.Debug|Any CPU.Build.0 = Debug|Any CPU
		{26A52EB3-5A84-4543-9333-1221C4CCADCD}.Debug|Any CPU.Deploy.0 = Debug|Any CPU
		{26A52EB3-5A84-4543-9333-1221C4CCADCD}.Debug|ARM.ActiveCfg = Debug|Any CPU
		{26A52EB3-5A84-4543-9333-1221C4CCADCD}.Debug|ARM.Build.0 = Debug|Any CPU
		{26A52EB3-5A84-4543-9333-1221C4CCADCD}.Debug|ARM.Deploy.0 = Debug|Any CPU
		{26A52EB3-5A84-4543-9333-1221C4CCADCD}.Debug|iPhone.ActiveCfg = Debug|Any CPU
		{26A52EB3-5A84-4543-9333-1221C4CCADCD}.Debug|iPhone.Build.0 = Debug|Any CPU
		{26A52EB3-5A84-4543-9333-1221C4CCADCD}.Debug|iPhone.Deploy.0 = Debug|Any CPU
		{26A52EB3-5A84-4543-9333-1221C4CCADCD}.Debug|iPhoneSimulator.ActiveCfg = Debug|Any CPU
		{26A52EB3-5A84-4543-9333-1221C4CCADCD}.Debug|iPhoneSimulator.Build.0 = Debug|Any CPU
		{26A52EB3-5A84-4543-9333-1221C4CCADCD}.Debug|iPhoneSimulator.Deploy.0 = Debug|Any CPU
		{26A52EB3-5A84-4543-9333-1221C4CCADCD}.Debug|x64.ActiveCfg = Debug|Any CPU
		{26A52EB3-5A84-4543-9333-1221C4CCADCD}.Debug|x64.Build.0 = Debug|Any CPU
		{26A52EB3-5A84-4543-9333-1221C4CCADCD}.Debug|x64.Deploy.0 = Debug|Any CPU
		{26A52EB3-5A84-4543-9333-1221C4CCADCD}.Debug|x86.ActiveCfg = Debug|Any CPU
		{26A52EB3-5A84-4543-9333-1221C4CCADCD}.Debug|x86.Build.0 = Debug|Any CPU
		{26A52EB3-5A84-4543-9333-1221C4CCADCD}.Debug|x86.Deploy.0 = Debug|Any CPU
		{26A52EB3-5A84-4543-9333-1221C4CCADCD}.Release|Any CPU.ActiveCfg = Release|Any CPU
		{26A52EB3-5A84-4543-9333-1221C4CCADCD}.Release|Any CPU.Build.0 = Release|Any CPU
		{26A52EB3-5A84-4543-9333-1221C4CCADCD}.Release|Any CPU.Deploy.0 = Release|Any CPU
		{26A52EB3-5A84-4543-9333-1221C4CCADCD}.Release|ARM.ActiveCfg = Release|Any CPU
		{26A52EB3-5A84-4543-9333-1221C4CCADCD}.Release|ARM.Build.0 = Release|Any CPU
		{26A52EB3-5A84-4543-9333-1221C4CCADCD}.Release|ARM.Deploy.0 = Release|Any CPU
		{26A52EB3-5A84-4543-9333-1221C4CCADCD}.Release|iPhone.ActiveCfg = Release|Any CPU
		{26A52EB3-5A84-4543-9333-1221C4CCADCD}.Release|iPhone.Build.0 = Release|Any CPU
		{26A52EB3-5A84-4543-9333-1221C4CCADCD}.Release|iPhone.Deploy.0 = Release|Any CPU
		{26A52EB3-5A84-4543-9333-1221C4CCADCD}.Release|iPhoneSimulator.ActiveCfg = Release|Any CPU
		{26A52EB3-5A84-4543-9333-1221C4CCADCD}.Release|iPhoneSimulator.Build.0 = Release|Any CPU
		{26A52EB3-5A84-4543-9333-1221C4CCADCD}.Release|iPhoneSimulator.Deploy.0 = Release|Any CPU
		{26A52EB3-5A84-4543-9333-1221C4CCADCD}.Release|x64.ActiveCfg = Release|Any CPU
		{26A52EB3-5A84-4543-9333-1221C4CCADCD}.Release|x64.Build.0 = Release|Any CPU
		{26A52EB3-5A84-4543-9333-1221C4CCADCD}.Release|x64.Deploy.0 = Release|Any CPU
		{26A52EB3-5A84-4543-9333-1221C4CCADCD}.Release|x86.ActiveCfg = Release|Any CPU
		{26A52EB3-5A84-4543-9333-1221C4CCADCD}.Release|x86.Build.0 = Release|Any CPU
		{26A52EB3-5A84-4543-9333-1221C4CCADCD}.Release|x86.Deploy.0 = Release|Any CPU
		{92D529AF-DB52-4C1A-9BAC-BFB590FAA5B1}.Ad-Hoc|Any CPU.ActiveCfg = Ad-Hoc|iPhone
		{92D529AF-DB52-4C1A-9BAC-BFB590FAA5B1}.Ad-Hoc|ARM.ActiveCfg = Ad-Hoc|iPhone
		{92D529AF-DB52-4C1A-9BAC-BFB590FAA5B1}.Ad-Hoc|iPhone.ActiveCfg = Ad-Hoc|iPhone
		{92D529AF-DB52-4C1A-9BAC-BFB590FAA5B1}.Ad-Hoc|iPhone.Build.0 = Ad-Hoc|iPhone
		{92D529AF-DB52-4C1A-9BAC-BFB590FAA5B1}.Ad-Hoc|iPhoneSimulator.ActiveCfg = Ad-Hoc|iPhoneSimulator
		{92D529AF-DB52-4C1A-9BAC-BFB590FAA5B1}.Ad-Hoc|iPhoneSimulator.Build.0 = Ad-Hoc|iPhoneSimulator
		{92D529AF-DB52-4C1A-9BAC-BFB590FAA5B1}.Ad-Hoc|x64.ActiveCfg = Ad-Hoc|iPhone
		{92D529AF-DB52-4C1A-9BAC-BFB590FAA5B1}.Ad-Hoc|x86.ActiveCfg = Ad-Hoc|iPhone
		{92D529AF-DB52-4C1A-9BAC-BFB590FAA5B1}.AppStore|Any CPU.ActiveCfg = AppStore|iPhone
		{92D529AF-DB52-4C1A-9BAC-BFB590FAA5B1}.AppStore|ARM.ActiveCfg = AppStore|iPhone
		{92D529AF-DB52-4C1A-9BAC-BFB590FAA5B1}.AppStore|iPhone.ActiveCfg = AppStore|iPhone
		{92D529AF-DB52-4C1A-9BAC-BFB590FAA5B1}.AppStore|iPhone.Build.0 = AppStore|iPhone
		{92D529AF-DB52-4C1A-9BAC-BFB590FAA5B1}.AppStore|iPhoneSimulator.ActiveCfg = AppStore|iPhoneSimulator
		{92D529AF-DB52-4C1A-9BAC-BFB590FAA5B1}.AppStore|iPhoneSimulator.Build.0 = AppStore|iPhoneSimulator
		{92D529AF-DB52-4C1A-9BAC-BFB590FAA5B1}.AppStore|x64.ActiveCfg = AppStore|iPhone
		{92D529AF-DB52-4C1A-9BAC-BFB590FAA5B1}.AppStore|x86.ActiveCfg = AppStore|iPhone
		{92D529AF-DB52-4C1A-9BAC-BFB590FAA5B1}.Debug|Any CPU.ActiveCfg = Debug|iPhone
		{92D529AF-DB52-4C1A-9BAC-BFB590FAA5B1}.Debug|ARM.ActiveCfg = Debug|iPhone
		{92D529AF-DB52-4C1A-9BAC-BFB590FAA5B1}.Debug|iPhone.ActiveCfg = Debug|iPhone
		{92D529AF-DB52-4C1A-9BAC-BFB590FAA5B1}.Debug|iPhone.Build.0 = Debug|iPhone
		{92D529AF-DB52-4C1A-9BAC-BFB590FAA5B1}.Debug|iPhoneSimulator.ActiveCfg = Debug|iPhoneSimulator
		{92D529AF-DB52-4C1A-9BAC-BFB590FAA5B1}.Debug|iPhoneSimulator.Build.0 = Debug|iPhoneSimulator
		{92D529AF-DB52-4C1A-9BAC-BFB590FAA5B1}.Debug|x64.ActiveCfg = Debug|iPhone
		{92D529AF-DB52-4C1A-9BAC-BFB590FAA5B1}.Debug|x86.ActiveCfg = Debug|iPhone
		{92D529AF-DB52-4C1A-9BAC-BFB590FAA5B1}.Release|Any CPU.ActiveCfg = Release|iPhone
		{92D529AF-DB52-4C1A-9BAC-BFB590FAA5B1}.Release|ARM.ActiveCfg = Release|iPhone
		{92D529AF-DB52-4C1A-9BAC-BFB590FAA5B1}.Release|iPhone.ActiveCfg = Release|iPhone
		{92D529AF-DB52-4C1A-9BAC-BFB590FAA5B1}.Release|iPhone.Build.0 = Release|iPhone
		{92D529AF-DB52-4C1A-9BAC-BFB590FAA5B1}.Release|iPhoneSimulator.ActiveCfg = Release|iPhoneSimulator
		{92D529AF-DB52-4C1A-9BAC-BFB590FAA5B1}.Release|iPhoneSimulator.Build.0 = Release|iPhoneSimulator
		{92D529AF-DB52-4C1A-9BAC-BFB590FAA5B1}.Release|x64.ActiveCfg = Release|iPhone
		{92D529AF-DB52-4C1A-9BAC-BFB590FAA5B1}.Release|x86.ActiveCfg = Release|iPhone
		{DDF8BBFC-A215-49B8-B6FD-DCEEBE0AF085}.Ad-Hoc|Any CPU.ActiveCfg = Release|x86
		{DDF8BBFC-A215-49B8-B6FD-DCEEBE0AF085}.Ad-Hoc|Any CPU.Build.0 = Release|x86
		{DDF8BBFC-A215-49B8-B6FD-DCEEBE0AF085}.Ad-Hoc|Any CPU.Deploy.0 = Release|x86
		{DDF8BBFC-A215-49B8-B6FD-DCEEBE0AF085}.Ad-Hoc|ARM.ActiveCfg = Release|ARM
		{DDF8BBFC-A215-49B8-B6FD-DCEEBE0AF085}.Ad-Hoc|ARM.Build.0 = Release|ARM
		{DDF8BBFC-A215-49B8-B6FD-DCEEBE0AF085}.Ad-Hoc|ARM.Deploy.0 = Release|ARM
		{DDF8BBFC-A215-49B8-B6FD-DCEEBE0AF085}.Ad-Hoc|iPhone.ActiveCfg = Release|x86
		{DDF8BBFC-A215-49B8-B6FD-DCEEBE0AF085}.Ad-Hoc|iPhone.Build.0 = Release|x86
		{DDF8BBFC-A215-49B8-B6FD-DCEEBE0AF085}.Ad-Hoc|iPhone.Deploy.0 = Release|x86
		{DDF8BBFC-A215-49B8-B6FD-DCEEBE0AF085}.Ad-Hoc|iPhoneSimulator.ActiveCfg = Release|x86
		{DDF8BBFC-A215-49B8-B6FD-DCEEBE0AF085}.Ad-Hoc|iPhoneSimulator.Build.0 = Release|x86
		{DDF8BBFC-A215-49B8-B6FD-DCEEBE0AF085}.Ad-Hoc|iPhoneSimulator.Deploy.0 = Release|x86
		{DDF8BBFC-A215-49B8-B6FD-DCEEBE0AF085}.Ad-Hoc|x64.ActiveCfg = Release|x64
		{DDF8BBFC-A215-49B8-B6FD-DCEEBE0AF085}.Ad-Hoc|x64.Build.0 = Release|x64
		{DDF8BBFC-A215-49B8-B6FD-DCEEBE0AF085}.Ad-Hoc|x64.Deploy.0 = Release|x64
		{DDF8BBFC-A215-49B8-B6FD-DCEEBE0AF085}.Ad-Hoc|x86.ActiveCfg = Release|x86
		{DDF8BBFC-A215-49B8-B6FD-DCEEBE0AF085}.Ad-Hoc|x86.Build.0 = Release|x86
		{DDF8BBFC-A215-49B8-B6FD-DCEEBE0AF085}.Ad-Hoc|x86.Deploy.0 = Release|x86
		{DDF8BBFC-A215-49B8-B6FD-DCEEBE0AF085}.AppStore|Any CPU.ActiveCfg = Release|x86
		{DDF8BBFC-A215-49B8-B6FD-DCEEBE0AF085}.AppStore|Any CPU.Build.0 = Release|x86
		{DDF8BBFC-A215-49B8-B6FD-DCEEBE0AF085}.AppStore|Any CPU.Deploy.0 = Release|x86
		{DDF8BBFC-A215-49B8-B6FD-DCEEBE0AF085}.AppStore|ARM.ActiveCfg = Release|ARM
		{DDF8BBFC-A215-49B8-B6FD-DCEEBE0AF085}.AppStore|ARM.Build.0 = Release|ARM
		{DDF8BBFC-A215-49B8-B6FD-DCEEBE0AF085}.AppStore|ARM.Deploy.0 = Release|ARM
		{DDF8BBFC-A215-49B8-B6FD-DCEEBE0AF085}.AppStore|iPhone.ActiveCfg = Release|x86
		{DDF8BBFC-A215-49B8-B6FD-DCEEBE0AF085}.AppStore|iPhone.Build.0 = Release|x86
		{DDF8BBFC-A215-49B8-B6FD-DCEEBE0AF085}.AppStore|iPhone.Deploy.0 = Release|x86
		{DDF8BBFC-A215-49B8-B6FD-DCEEBE0AF085}.AppStore|iPhoneSimulator.ActiveCfg = Release|x86
		{DDF8BBFC-A215-49B8-B6FD-DCEEBE0AF085}.AppStore|iPhoneSimulator.Build.0 = Release|x86
		{DDF8BBFC-A215-49B8-B6FD-DCEEBE0AF085}.AppStore|iPhoneSimulator.Deploy.0 = Release|x86
		{DDF8BBFC-A215-49B8-B6FD-DCEEBE0AF085}.AppStore|x64.ActiveCfg = Release|x64
		{DDF8BBFC-A215-49B8-B6FD-DCEEBE0AF085}.AppStore|x64.Build.0 = Release|x64
		{DDF8BBFC-A215-49B8-B6FD-DCEEBE0AF085}.AppStore|x64.Deploy.0 = Release|x64
		{DDF8BBFC-A215-49B8-B6FD-DCEEBE0AF085}.AppStore|x86.ActiveCfg = Release|x86
		{DDF8BBFC-A215-49B8-B6FD-DCEEBE0AF085}.AppStore|x86.Build.0 = Release|x86
		{DDF8BBFC-A215-49B8-B6FD-DCEEBE0AF085}.AppStore|x86.Deploy.0 = Release|x86
		{DDF8BBFC-A215-49B8-B6FD-DCEEBE0AF085}.Debug|Any CPU.ActiveCfg = Debug|x86
		{DDF8BBFC-A215-49B8-B6FD-DCEEBE0AF085}.Debug|ARM.ActiveCfg = Debug|ARM
		{DDF8BBFC-A215-49B8-B6FD-DCEEBE0AF085}.Debug|ARM.Build.0 = Debug|ARM
		{DDF8BBFC-A215-49B8-B6FD-DCEEBE0AF085}.Debug|ARM.Deploy.0 = Debug|ARM
		{DDF8BBFC-A215-49B8-B6FD-DCEEBE0AF085}.Debug|iPhone.ActiveCfg = Debug|x86
		{DDF8BBFC-A215-49B8-B6FD-DCEEBE0AF085}.Debug|iPhoneSimulator.ActiveCfg = Debug|x86
		{DDF8BBFC-A215-49B8-B6FD-DCEEBE0AF085}.Debug|x64.ActiveCfg = Debug|x64
		{DDF8BBFC-A215-49B8-B6FD-DCEEBE0AF085}.Debug|x64.Build.0 = Debug|x64
		{DDF8BBFC-A215-49B8-B6FD-DCEEBE0AF085}.Debug|x64.Deploy.0 = Debug|x64
		{DDF8BBFC-A215-49B8-B6FD-DCEEBE0AF085}.Debug|x86.ActiveCfg = Debug|x86
		{DDF8BBFC-A215-49B8-B6FD-DCEEBE0AF085}.Debug|x86.Build.0 = Debug|x86
		{DDF8BBFC-A215-49B8-B6FD-DCEEBE0AF085}.Debug|x86.Deploy.0 = Debug|x86
		{DDF8BBFC-A215-49B8-B6FD-DCEEBE0AF085}.Release|Any CPU.ActiveCfg = Release|x86
		{DDF8BBFC-A215-49B8-B6FD-DCEEBE0AF085}.Release|ARM.ActiveCfg = Release|ARM
		{DDF8BBFC-A215-49B8-B6FD-DCEEBE0AF085}.Release|ARM.Build.0 = Release|ARM
		{DDF8BBFC-A215-49B8-B6FD-DCEEBE0AF085}.Release|ARM.Deploy.0 = Release|ARM
		{DDF8BBFC-A215-49B8-B6FD-DCEEBE0AF085}.Release|iPhone.ActiveCfg = Release|x86
		{DDF8BBFC-A215-49B8-B6FD-DCEEBE0AF085}.Release|iPhoneSimulator.ActiveCfg = Release|x86
		{DDF8BBFC-A215-49B8-B6FD-DCEEBE0AF085}.Release|x64.ActiveCfg = Release|x64
		{DDF8BBFC-A215-49B8-B6FD-DCEEBE0AF085}.Release|x64.Build.0 = Release|x64
		{DDF8BBFC-A215-49B8-B6FD-DCEEBE0AF085}.Release|x64.Deploy.0 = Release|x64
		{DDF8BBFC-A215-49B8-B6FD-DCEEBE0AF085}.Release|x86.ActiveCfg = Release|x86
		{DDF8BBFC-A215-49B8-B6FD-DCEEBE0AF085}.Release|x86.Build.0 = Release|x86
		{DDF8BBFC-A215-49B8-B6FD-DCEEBE0AF085}.Release|x86.Deploy.0 = Release|x86
		{FF99FBA0-53AD-4686-AEDA-572BFD83A160}.Ad-Hoc|Any CPU.ActiveCfg = Debug|Any CPU
		{FF99FBA0-53AD-4686-AEDA-572BFD83A160}.Ad-Hoc|Any CPU.Build.0 = Debug|Any CPU
		{FF99FBA0-53AD-4686-AEDA-572BFD83A160}.Ad-Hoc|ARM.ActiveCfg = Debug|Any CPU
		{FF99FBA0-53AD-4686-AEDA-572BFD83A160}.Ad-Hoc|ARM.Build.0 = Debug|Any CPU
		{FF99FBA0-53AD-4686-AEDA-572BFD83A160}.Ad-Hoc|iPhone.ActiveCfg = Debug|Any CPU
		{FF99FBA0-53AD-4686-AEDA-572BFD83A160}.Ad-Hoc|iPhone.Build.0 = Debug|Any CPU
		{FF99FBA0-53AD-4686-AEDA-572BFD83A160}.Ad-Hoc|iPhoneSimulator.ActiveCfg = Debug|Any CPU
		{FF99FBA0-53AD-4686-AEDA-572BFD83A160}.Ad-Hoc|iPhoneSimulator.Build.0 = Debug|Any CPU
		{FF99FBA0-53AD-4686-AEDA-572BFD83A160}.Ad-Hoc|x64.ActiveCfg = Debug|Any CPU
		{FF99FBA0-53AD-4686-AEDA-572BFD83A160}.Ad-Hoc|x64.Build.0 = Debug|Any CPU
		{FF99FBA0-53AD-4686-AEDA-572BFD83A160}.Ad-Hoc|x86.ActiveCfg = Debug|Any CPU
		{FF99FBA0-53AD-4686-AEDA-572BFD83A160}.Ad-Hoc|x86.Build.0 = Debug|Any CPU
		{FF99FBA0-53AD-4686-AEDA-572BFD83A160}.AppStore|Any CPU.ActiveCfg = Debug|Any CPU
		{FF99FBA0-53AD-4686-AEDA-572BFD83A160}.AppStore|Any CPU.Build.0 = Debug|Any CPU
		{FF99FBA0-53AD-4686-AEDA-572BFD83A160}.AppStore|ARM.ActiveCfg = Debug|Any CPU
		{FF99FBA0-53AD-4686-AEDA-572BFD83A160}.AppStore|ARM.Build.0 = Debug|Any CPU
		{FF99FBA0-53AD-4686-AEDA-572BFD83A160}.AppStore|iPhone.ActiveCfg = Debug|Any CPU
		{FF99FBA0-53AD-4686-AEDA-572BFD83A160}.AppStore|iPhone.Build.0 = Debug|Any CPU
		{FF99FBA0-53AD-4686-AEDA-572BFD83A160}.AppStore|iPhoneSimulator.ActiveCfg = Debug|Any CPU
		{FF99FBA0-53AD-4686-AEDA-572BFD83A160}.AppStore|iPhoneSimulator.Build.0 = Debug|Any CPU
		{FF99FBA0-53AD-4686-AEDA-572BFD83A160}.AppStore|x64.ActiveCfg = Debug|Any CPU
		{FF99FBA0-53AD-4686-AEDA-572BFD83A160}.AppStore|x64.Build.0 = Debug|Any CPU
		{FF99FBA0-53AD-4686-AEDA-572BFD83A160}.AppStore|x86.ActiveCfg = Debug|Any CPU
		{FF99FBA0-53AD-4686-AEDA-572BFD83A160}.AppStore|x86.Build.0 = Debug|Any CPU
		{FF99FBA0-53AD-4686-AEDA-572BFD83A160}.Debug|Any CPU.ActiveCfg = Debug|Any CPU
		{FF99FBA0-53AD-4686-AEDA-572BFD83A160}.Debug|Any CPU.Build.0 = Debug|Any CPU
		{FF99FBA0-53AD-4686-AEDA-572BFD83A160}.Debug|ARM.ActiveCfg = Debug|Any CPU
		{FF99FBA0-53AD-4686-AEDA-572BFD83A160}.Debug|ARM.Build.0 = Debug|Any CPU
		{FF99FBA0-53AD-4686-AEDA-572BFD83A160}.Debug|iPhone.ActiveCfg = Debug|Any CPU
		{FF99FBA0-53AD-4686-AEDA-572BFD83A160}.Debug|iPhone.Build.0 = Debug|Any CPU
		{FF99FBA0-53AD-4686-AEDA-572BFD83A160}.Debug|iPhoneSimulator.ActiveCfg = Debug|Any CPU
		{FF99FBA0-53AD-4686-AEDA-572BFD83A160}.Debug|iPhoneSimulator.Build.0 = Debug|Any CPU
		{FF99FBA0-53AD-4686-AEDA-572BFD83A160}.Debug|x64.ActiveCfg = Debug|Any CPU
		{FF99FBA0-53AD-4686-AEDA-572BFD83A160}.Debug|x64.Build.0 = Debug|Any CPU
		{FF99FBA0-53AD-4686-AEDA-572BFD83A160}.Debug|x86.ActiveCfg = Debug|Any CPU
		{FF99FBA0-53AD-4686-AEDA-572BFD83A160}.Debug|x86.Build.0 = Debug|Any CPU
		{FF99FBA0-53AD-4686-AEDA-572BFD83A160}.Release|Any CPU.ActiveCfg = Release|Any CPU
		{FF99FBA0-53AD-4686-AEDA-572BFD83A160}.Release|Any CPU.Build.0 = Release|Any CPU
		{FF99FBA0-53AD-4686-AEDA-572BFD83A160}.Release|ARM.ActiveCfg = Release|Any CPU
		{FF99FBA0-53AD-4686-AEDA-572BFD83A160}.Release|ARM.Build.0 = Release|Any CPU
		{FF99FBA0-53AD-4686-AEDA-572BFD83A160}.Release|iPhone.ActiveCfg = Release|Any CPU
		{FF99FBA0-53AD-4686-AEDA-572BFD83A160}.Release|iPhone.Build.0 = Release|Any CPU
		{FF99FBA0-53AD-4686-AEDA-572BFD83A160}.Release|iPhoneSimulator.ActiveCfg = Release|Any CPU
		{FF99FBA0-53AD-4686-AEDA-572BFD83A160}.Release|iPhoneSimulator.Build.0 = Release|Any CPU
		{FF99FBA0-53AD-4686-AEDA-572BFD83A160}.Release|x64.ActiveCfg = Release|Any CPU
		{FF99FBA0-53AD-4686-AEDA-572BFD83A160}.Release|x64.Build.0 = Release|Any CPU
		{FF99FBA0-53AD-4686-AEDA-572BFD83A160}.Release|x86.ActiveCfg = Release|Any CPU
		{FF99FBA0-53AD-4686-AEDA-572BFD83A160}.Release|x86.Build.0 = Release|Any CPU
	EndGlobalSection
	GlobalSection(SolutionProperties) = preSolution
		HideSolutionNode = FALSE
	EndGlobalSection
	GlobalSection(ExtensibilityGlobals) = postSolution
		SolutionGuid = {43AE1857-2F87-43C3-9495-CFE658C4C949}
	EndGlobalSection
EndGlobal
