
Microsoft Visual Studio Solution File, Format Version 12.00
# Visual Studio 15
VisualStudioVersion = 15.0.27130.2010
MinimumVisualStudioVersion = 10.0.40219.1
Project("{FAE04EC0-301F-11D3-BF4B-00C04F79EFBC}") = "Atividade_dois_final.Android", "Atividade_dois_final\Atividade_dois_final.Android\Atividade_dois_final.Android.csproj", "{0FB5C7CB-C53D-4E65-A15B-757C35F42C08}"
EndProject
Project("{FAE04EC0-301F-11D3-BF4B-00C04F79EFBC}") = "Atividade_dois_final.iOS", "Atividade_dois_final\Atividade_dois_final.iOS\Atividade_dois_final.iOS.csproj", "{B98FA77A-9053-4B8B-9A08-43B739F17FAB}"
EndProject
Project("{FAE04EC0-301F-11D3-BF4B-00C04F79EFBC}") = "Atividade_dois_final.UWP", "Atividade_dois_final\Atividade_dois_final.UWP\Atividade_dois_final.UWP.csproj", "{F4E2DC92-D194-4A26-8946-2EBDEDAB4096}"
EndProject
Project("{FAE04EC0-301F-11D3-BF4B-00C04F79EFBC}") = "Atividade_dois_final", "Atividade_dois_final\Atividade_dois_final\Atividade_dois_final.csproj", "{D15FEDCD-694E-4804-9FD8-C10740521513}"
EndProject
Global
	GlobalSection(SolutionConfigurationPlatforms) = preSolution
		Ad-Hoc|Any CPU = Ad-Hoc|Any CPU
		Ad-Hoc|ARM = Ad-Hoc|ARM
		Ad-Hoc|iPhone = Ad-Hoc|iPhone
		Ad-Hoc|iPhoneSimulator = Ad-Hoc|iPhoneSimulator
		Ad-Hoc|x64 = Ad-Hoc|x64
		Ad-Hoc|x86 = Ad-Hoc|x86
		AppStore|Any CPU = AppStore|Any CPU
		AppStore|ARM = AppStore|ARM
		AppStore|iPhone = AppStore|iPhone
		AppStore|iPhoneSimulator = AppStore|iPhoneSimulator
		AppStore|x64 = AppStore|x64
		AppStore|x86 = AppStore|x86
		Debug|Any CPU = Debug|Any CPU
		Debug|ARM = Debug|ARM
		Debug|iPhone = Debug|iPhone
		Debug|iPhoneSimulator = Debug|iPhoneSimulator
		Debug|x64 = Debug|x64
		Debug|x86 = Debug|x86
		Release|Any CPU = Release|Any CPU
		Release|ARM = Release|ARM
		Release|iPhone = Release|iPhone
		Release|iPhoneSimulator = Release|iPhoneSimulator
		Release|x64 = Release|x64
		Release|x86 = Release|x86
	EndGlobalSection
	GlobalSection(ProjectConfigurationPlatforms) = postSolution
		{0FB5C7CB-C53D-4E65-A15B-757C35F42C08}.Ad-Hoc|Any CPU.ActiveCfg = Release|Any CPU
		{0FB5C7CB-C53D-4E65-A15B-757C35F42C08}.Ad-Hoc|Any CPU.Build.0 = Release|Any CPU
		{0FB5C7CB-C53D-4E65-A15B-757C35F42C08}.Ad-Hoc|Any CPU.Deploy.0 = Release|Any CPU
		{0FB5C7CB-C53D-4E65-A15B-757C35F42C08}.Ad-Hoc|ARM.ActiveCfg = Release|Any CPU
		{0FB5C7CB-C53D-4E65-A15B-757C35F42C08}.Ad-Hoc|ARM.Build.0 = Release|Any CPU
		{0FB5C7CB-C53D-4E65-A15B-757C35F42C08}.Ad-Hoc|ARM.Deploy.0 = Release|Any CPU
		{0FB5C7CB-C53D-4E65-A15B-757C35F42C08}.Ad-Hoc|iPhone.ActiveCfg = Release|Any CPU
		{0FB5C7CB-C53D-4E65-A15B-757C35F42C08}.Ad-Hoc|iPhone.Build.0 = Release|Any CPU
		{0FB5C7CB-C53D-4E65-A15B-757C35F42C08}.Ad-Hoc|iPhone.Deploy.0 = Release|Any CPU
		{0FB5C7CB-C53D-4E65-A15B-757C35F42C08}.Ad-Hoc|iPhoneSimulator.ActiveCfg = Release|Any CPU
		{0FB5C7CB-C53D-4E65-A15B-757C35F42C08}.Ad-Hoc|iPhoneSimulator.Build.0 = Release|Any CPU
		{0FB5C7CB-C53D-4E65-A15B-757C35F42C08}.Ad-Hoc|iPhoneSimulator.Deploy.0 = Release|Any CPU
		{0FB5C7CB-C53D-4E65-A15B-757C35F42C08}.Ad-Hoc|x64.ActiveCfg = Release|Any CPU
		{0FB5C7CB-C53D-4E65-A15B-757C35F42C08}.Ad-Hoc|x64.Build.0 = Release|Any CPU
		{0FB5C7CB-C53D-4E65-A15B-757C35F42C08}.Ad-Hoc|x64.Deploy.0 = Release|Any CPU
		{0FB5C7CB-C53D-4E65-A15B-757C35F42C08}.Ad-Hoc|x86.ActiveCfg = Release|Any CPU
		{0FB5C7CB-C53D-4E65-A15B-757C35F42C08}.Ad-Hoc|x86.Build.0 = Release|Any CPU
		{0FB5C7CB-C53D-4E65-A15B-757C35F42C08}.Ad-Hoc|x86.Deploy.0 = Release|Any CPU
		{0FB5C7CB-C53D-4E65-A15B-757C35F42C08}.AppStore|Any CPU.ActiveCfg = Release|Any CPU
		{0FB5C7CB-C53D-4E65-A15B-757C35F42C08}.AppStore|Any CPU.Build.0 = Release|Any CPU
		{0FB5C7CB-C53D-4E65-A15B-757C35F42C08}.AppStore|Any CPU.Deploy.0 = Release|Any CPU
		{0FB5C7CB-C53D-4E65-A15B-757C35F42C08}.AppStore|ARM.ActiveCfg = Release|Any CPU
		{0FB5C7CB-C53D-4E65-A15B-757C35F42C08}.AppStore|ARM.Build.0 = Release|Any CPU
		{0FB5C7CB-C53D-4E65-A15B-757C35F42C08}.AppStore|ARM.Deploy.0 = Release|Any CPU
		{0FB5C7CB-C53D-4E65-A15B-757C35F42C08}.AppStore|iPhone.ActiveCfg = Release|Any CPU
		{0FB5C7CB-C53D-4E65-A15B-757C35F42C08}.AppStore|iPhone.Build.0 = Release|Any CPU
		{0FB5C7CB-C53D-4E65-A15B-757C35F42C08}.AppStore|iPhone.Deploy.0 = Release|Any CPU
		{0FB5C7CB-C53D-4E65-A15B-757C35F42C08}.AppStore|iPhoneSimulator.ActiveCfg = Release|Any CPU
		{0FB5C7CB-C53D-4E65-A15B-757C35F42C08}.AppStore|iPhoneSimulator.Build.0 = Release|Any CPU
		{0FB5C7CB-C53D-4E65-A15B-757C35F42C08}.AppStore|iPhoneSimulator.Deploy.0 = Release|Any CPU
		{0FB5C7CB-C53D-4E65-A15B-757C35F42C08}.AppStore|x64.ActiveCfg = Release|Any CPU
		{0FB5C7CB-C53D-4E65-A15B-757C35F42C08}.AppStore|x64.Build.0 = Release|Any CPU
		{0FB5C7CB-C53D-4E65-A15B-757C35F42C08}.AppStore|x64.Deploy.0 = Release|Any CPU
		{0FB5C7CB-C53D-4E65-A15B-757C35F42C08}.AppStore|x86.ActiveCfg = Release|Any CPU
		{0FB5C7CB-C53D-4E65-A15B-757C35F42C08}.AppStore|x86.Build.0 = Release|Any CPU
		{0FB5C7CB-C53D-4E65-A15B-757C35F42C08}.AppStore|x86.Deploy.0 = Release|Any CPU
		{0FB5C7CB-C53D-4E65-A15B-757C35F42C08}.Debug|Any CPU.ActiveCfg = Debug|Any CPU
		{0FB5C7CB-C53D-4E65-A15B-757C35F42C08}.Debug|Any CPU.Build.0 = Debug|Any CPU
		{0FB5C7CB-C53D-4E65-A15B-757C35F42C08}.Debug|Any CPU.Deploy.0 = Debug|Any CPU
		{0FB5C7CB-C53D-4E65-A15B-757C35F42C08}.Debug|ARM.ActiveCfg = Debug|Any CPU
		{0FB5C7CB-C53D-4E65-A15B-757C35F42C08}.Debug|ARM.Build.0 = Debug|Any CPU
		{0FB5C7CB-C53D-4E65-A15B-757C35F42C08}.Debug|ARM.Deploy.0 = Debug|Any CPU
		{0FB5C7CB-C53D-4E65-A15B-757C35F42C08}.Debug|iPhone.ActiveCfg = Debug|Any CPU
		{0FB5C7CB-C53D-4E65-A15B-757C35F42C08}.Debug|iPhone.Build.0 = Debug|Any CPU
		{0FB5C7CB-C53D-4E65-A15B-757C35F42C08}.Debug|iPhone.Deploy.0 = Debug|Any CPU
		{0FB5C7CB-C53D-4E65-A15B-757C35F42C08}.Debug|iPhoneSimulator.ActiveCfg = Debug|Any CPU
		{0FB5C7CB-C53D-4E65-A15B-757C35F42C08}.Debug|iPhoneSimulator.Build.0 = Debug|Any CPU
		{0FB5C7CB-C53D-4E65-A15B-757C35F42C08}.Debug|iPhoneSimulator.Deploy.0 = Debug|Any CPU
		{0FB5C7CB-C53D-4E65-A15B-757C35F42C08}.Debug|x64.ActiveCfg = Debug|Any CPU
		{0FB5C7CB-C53D-4E65-A15B-757C35F42C08}.Debug|x64.Build.0 = Debug|Any CPU
		{0FB5C7CB-C53D-4E65-A15B-757C35F42C08}.Debug|x64.Deploy.0 = Debug|Any CPU
		{0FB5C7CB-C53D-4E65-A15B-757C35F42C08}.Debug|x86.ActiveCfg = Debug|Any CPU
		{0FB5C7CB-C53D-4E65-A15B-757C35F42C08}.Debug|x86.Build.0 = Debug|Any CPU
		{0FB5C7CB-C53D-4E65-A15B-757C35F42C08}.Debug|x86.Deploy.0 = Debug|Any CPU
		{0FB5C7CB-C53D-4E65-A15B-757C35F42C08}.Release|Any CPU.ActiveCfg = Release|Any CPU
		{0FB5C7CB-C53D-4E65-A15B-757C35F42C08}.Release|Any CPU.Build.0 = Release|Any CPU
		{0FB5C7CB-C53D-4E65-A15B-757C35F42C08}.Release|Any CPU.Deploy.0 = Release|Any CPU
		{0FB5C7CB-C53D-4E65-A15B-757C35F42C08}.Release|ARM.ActiveCfg = Release|Any CPU
		{0FB5C7CB-C53D-4E65-A15B-757C35F42C08}.Release|ARM.Build.0 = Release|Any CPU
		{0FB5C7CB-C53D-4E65-A15B-757C35F42C08}.Release|ARM.Deploy.0 = Release|Any CPU
		{0FB5C7CB-C53D-4E65-A15B-757C35F42C08}.Release|iPhone.ActiveCfg = Release|Any CPU
		{0FB5C7CB-C53D-4E65-A15B-757C35F42C08}.Release|iPhone.Build.0 = Release|Any CPU
		{0FB5C7CB-C53D-4E65-A15B-757C35F42C08}.Release|iPhone.Deploy.0 = Release|Any CPU
		{0FB5C7CB-C53D-4E65-A15B-757C35F42C08}.Release|iPhoneSimulator.ActiveCfg = Release|Any CPU
		{0FB5C7CB-C53D-4E65-A15B-757C35F42C08}.Release|iPhoneSimulator.Build.0 = Release|Any CPU
		{0FB5C7CB-C53D-4E65-A15B-757C35F42C08}.Release|iPhoneSimulator.Deploy.0 = Release|Any CPU
		{0FB5C7CB-C53D-4E65-A15B-757C35F42C08}.Release|x64.ActiveCfg = Release|Any CPU
		{0FB5C7CB-C53D-4E65-A15B-757C35F42C08}.Release|x64.Build.0 = Release|Any CPU
		{0FB5C7CB-C53D-4E65-A15B-757C35F42C08}.Release|x64.Deploy.0 = Release|Any CPU
		{0FB5C7CB-C53D-4E65-A15B-757C35F42C08}.Release|x86.ActiveCfg = Release|Any CPU
		{0FB5C7CB-C53D-4E65-A15B-757C35F42C08}.Release|x86.Build.0 = Release|Any CPU
		{0FB5C7CB-C53D-4E65-A15B-757C35F42C08}.Release|x86.Deploy.0 = Release|Any CPU
		{B98FA77A-9053-4B8B-9A08-43B739F17FAB}.Ad-Hoc|Any CPU.ActiveCfg = Ad-Hoc|iPhone
		{B98FA77A-9053-4B8B-9A08-43B739F17FAB}.Ad-Hoc|ARM.ActiveCfg = Ad-Hoc|iPhone
		{B98FA77A-9053-4B8B-9A08-43B739F17FAB}.Ad-Hoc|iPhone.ActiveCfg = Ad-Hoc|iPhone
		{B98FA77A-9053-4B8B-9A08-43B739F17FAB}.Ad-Hoc|iPhone.Build.0 = Ad-Hoc|iPhone
		{B98FA77A-9053-4B8B-9A08-43B739F17FAB}.Ad-Hoc|iPhoneSimulator.ActiveCfg = Ad-Hoc|iPhoneSimulator
		{B98FA77A-9053-4B8B-9A08-43B739F17FAB}.Ad-Hoc|iPhoneSimulator.Build.0 = Ad-Hoc|iPhoneSimulator
		{B98FA77A-9053-4B8B-9A08-43B739F17FAB}.Ad-Hoc|x64.ActiveCfg = Ad-Hoc|iPhone
		{B98FA77A-9053-4B8B-9A08-43B739F17FAB}.Ad-Hoc|x86.ActiveCfg = Ad-Hoc|iPhone
		{B98FA77A-9053-4B8B-9A08-43B739F17FAB}.AppStore|Any CPU.ActiveCfg = AppStore|iPhone
		{B98FA77A-9053-4B8B-9A08-43B739F17FAB}.AppStore|ARM.ActiveCfg = AppStore|iPhone
		{B98FA77A-9053-4B8B-9A08-43B739F17FAB}.AppStore|iPhone.ActiveCfg = AppStore|iPhone
		{B98FA77A-9053-4B8B-9A08-43B739F17FAB}.AppStore|iPhone.Build.0 = AppStore|iPhone
		{B98FA77A-9053-4B8B-9A08-43B739F17FAB}.AppStore|iPhoneSimulator.ActiveCfg = AppStore|iPhoneSimulator
		{B98FA77A-9053-4B8B-9A08-43B739F17FAB}.AppStore|iPhoneSimulator.Build.0 = AppStore|iPhoneSimulator
		{B98FA77A-9053-4B8B-9A08-43B739F17FAB}.AppStore|x64.ActiveCfg = AppStore|iPhone
		{B98FA77A-9053-4B8B-9A08-43B739F17FAB}.AppStore|x86.ActiveCfg = AppStore|iPhone
		{B98FA77A-9053-4B8B-9A08-43B739F17FAB}.Debug|Any CPU.ActiveCfg = Debug|iPhone
		{B98FA77A-9053-4B8B-9A08-43B739F17FAB}.Debug|ARM.ActiveCfg = Debug|iPhone
		{B98FA77A-9053-4B8B-9A08-43B739F17FAB}.Debug|iPhone.ActiveCfg = Debug|iPhone
		{B98FA77A-9053-4B8B-9A08-43B739F17FAB}.Debug|iPhone.Build.0 = Debug|iPhone
		{B98FA77A-9053-4B8B-9A08-43B739F17FAB}.Debug|iPhoneSimulator.ActiveCfg = Debug|iPhoneSimulator
		{B98FA77A-9053-4B8B-9A08-43B739F17FAB}.Debug|iPhoneSimulator.Build.0 = Debug|iPhoneSimulator
		{B98FA77A-9053-4B8B-9A08-43B739F17FAB}.Debug|x64.ActiveCfg = Debug|iPhone
		{B98FA77A-9053-4B8B-9A08-43B739F17FAB}.Debug|x86.ActiveCfg = Debug|iPhone
		{B98FA77A-9053-4B8B-9A08-43B739F17FAB}.Release|Any CPU.ActiveCfg = Release|iPhone
		{B98FA77A-9053-4B8B-9A08-43B739F17FAB}.Release|ARM.ActiveCfg = Release|iPhone
		{B98FA77A-9053-4B8B-9A08-43B739F17FAB}.Release|iPhone.ActiveCfg = Release|iPhone
		{B98FA77A-9053-4B8B-9A08-43B739F17FAB}.Release|iPhone.Build.0 = Release|iPhone
		{B98FA77A-9053-4B8B-9A08-43B739F17FAB}.Release|iPhoneSimulator.ActiveCfg = Release|iPhoneSimulator
		{B98FA77A-9053-4B8B-9A08-43B739F17FAB}.Release|iPhoneSimulator.Build.0 = Release|iPhoneSimulator
		{B98FA77A-9053-4B8B-9A08-43B739F17FAB}.Release|x64.ActiveCfg = Release|iPhone
		{B98FA77A-9053-4B8B-9A08-43B739F17FAB}.Release|x86.ActiveCfg = Release|iPhone
		{F4E2DC92-D194-4A26-8946-2EBDEDAB4096}.Ad-Hoc|Any CPU.ActiveCfg = Release|x86
		{F4E2DC92-D194-4A26-8946-2EBDEDAB4096}.Ad-Hoc|Any CPU.Build.0 = Release|x86
		{F4E2DC92-D194-4A26-8946-2EBDEDAB4096}.Ad-Hoc|Any CPU.Deploy.0 = Release|x86
		{F4E2DC92-D194-4A26-8946-2EBDEDAB4096}.Ad-Hoc|ARM.ActiveCfg = Release|ARM
		{F4E2DC92-D194-4A26-8946-2EBDEDAB4096}.Ad-Hoc|ARM.Build.0 = Release|ARM
		{F4E2DC92-D194-4A26-8946-2EBDEDAB4096}.Ad-Hoc|ARM.Deploy.0 = Release|ARM
		{F4E2DC92-D194-4A26-8946-2EBDEDAB4096}.Ad-Hoc|iPhone.ActiveCfg = Release|x86
		{F4E2DC92-D194-4A26-8946-2EBDEDAB4096}.Ad-Hoc|iPhone.Build.0 = Release|x86
		{F4E2DC92-D194-4A26-8946-2EBDEDAB4096}.Ad-Hoc|iPhone.Deploy.0 = Release|x86
		{F4E2DC92-D194-4A26-8946-2EBDEDAB4096}.Ad-Hoc|iPhoneSimulator.ActiveCfg = Release|x86
		{F4E2DC92-D194-4A26-8946-2EBDEDAB4096}.Ad-Hoc|iPhoneSimulator.Build.0 = Release|x86
		{F4E2DC92-D194-4A26-8946-2EBDEDAB4096}.Ad-Hoc|iPhoneSimulator.Deploy.0 = Release|x86
		{F4E2DC92-D194-4A26-8946-2EBDEDAB4096}.Ad-Hoc|x64.ActiveCfg = Release|x64
		{F4E2DC92-D194-4A26-8946-2EBDEDAB4096}.Ad-Hoc|x64.Build.0 = Release|x64
		{F4E2DC92-D194-4A26-8946-2EBDEDAB4096}.Ad-Hoc|x64.Deploy.0 = Release|x64
		{F4E2DC92-D194-4A26-8946-2EBDEDAB4096}.Ad-Hoc|x86.ActiveCfg = Release|x86
		{F4E2DC92-D194-4A26-8946-2EBDEDAB4096}.Ad-Hoc|x86.Build.0 = Release|x86
		{F4E2DC92-D194-4A26-8946-2EBDEDAB4096}.Ad-Hoc|x86.Deploy.0 = Release|x86
		{F4E2DC92-D194-4A26-8946-2EBDEDAB4096}.AppStore|Any CPU.ActiveCfg = Release|x86
		{F4E2DC92-D194-4A26-8946-2EBDEDAB4096}.AppStore|Any CPU.Build.0 = Release|x86
		{F4E2DC92-D194-4A26-8946-2EBDEDAB4096}.AppStore|Any CPU.Deploy.0 = Release|x86
		{F4E2DC92-D194-4A26-8946-2EBDEDAB4096}.AppStore|ARM.ActiveCfg = Release|ARM
		{F4E2DC92-D194-4A26-8946-2EBDEDAB4096}.AppStore|ARM.Build.0 = Release|ARM
		{F4E2DC92-D194-4A26-8946-2EBDEDAB4096}.AppStore|ARM.Deploy.0 = Release|ARM
		{F4E2DC92-D194-4A26-8946-2EBDEDAB4096}.AppStore|iPhone.ActiveCfg = Release|x86
		{F4E2DC92-D194-4A26-8946-2EBDEDAB4096}.AppStore|iPhone.Build.0 = Release|x86
		{F4E2DC92-D194-4A26-8946-2EBDEDAB4096}.AppStore|iPhone.Deploy.0 = Release|x86
		{F4E2DC92-D194-4A26-8946-2EBDEDAB4096}.AppStore|iPhoneSimulator.ActiveCfg = Release|x86
		{F4E2DC92-D194-4A26-8946-2EBDEDAB4096}.AppStore|iPhoneSimulator.Build.0 = Release|x86
		{F4E2DC92-D194-4A26-8946-2EBDEDAB4096}.AppStore|iPhoneSimulator.Deploy.0 = Release|x86
		{F4E2DC92-D194-4A26-8946-2EBDEDAB4096}.AppStore|x64.ActiveCfg = Release|x64
		{F4E2DC92-D194-4A26-8946-2EBDEDAB4096}.AppStore|x64.Build.0 = Release|x64
		{F4E2DC92-D194-4A26-8946-2EBDEDAB4096}.AppStore|x64.Deploy.0 = Release|x64
		{F4E2DC92-D194-4A26-8946-2EBDEDAB4096}.AppStore|x86.ActiveCfg = Release|x86
		{F4E2DC92-D194-4A26-8946-2EBDEDAB4096}.AppStore|x86.Build.0 = Release|x86
		{F4E2DC92-D194-4A26-8946-2EBDEDAB4096}.AppStore|x86.Deploy.0 = Release|x86
		{F4E2DC92-D194-4A26-8946-2EBDEDAB4096}.Debug|Any CPU.ActiveCfg = Debug|x86
		{F4E2DC92-D194-4A26-8946-2EBDEDAB4096}.Debug|ARM.ActiveCfg = Debug|ARM
		{F4E2DC92-D194-4A26-8946-2EBDEDAB4096}.Debug|ARM.Build.0 = Debug|ARM
		{F4E2DC92-D194-4A26-8946-2EBDEDAB4096}.Debug|ARM.Deploy.0 = Debug|ARM
		{F4E2DC92-D194-4A26-8946-2EBDEDAB4096}.Debug|iPhone.ActiveCfg = Debug|x86
		{F4E2DC92-D194-4A26-8946-2EBDEDAB4096}.Debug|iPhoneSimulator.ActiveCfg = Debug|x86
		{F4E2DC92-D194-4A26-8946-2EBDEDAB4096}.Debug|x64.ActiveCfg = Debug|x64
		{F4E2DC92-D194-4A26-8946-2EBDEDAB4096}.Debug|x64.Build.0 = Debug|x64
		{F4E2DC92-D194-4A26-8946-2EBDEDAB4096}.Debug|x64.Deploy.0 = Debug|x64
		{F4E2DC92-D194-4A26-8946-2EBDEDAB4096}.Debug|x86.ActiveCfg = Debug|x86
		{F4E2DC92-D194-4A26-8946-2EBDEDAB4096}.Debug|x86.Build.0 = Debug|x86
		{F4E2DC92-D194-4A26-8946-2EBDEDAB4096}.Debug|x86.Deploy.0 = Debug|x86
		{F4E2DC92-D194-4A26-8946-2EBDEDAB4096}.Release|Any CPU.ActiveCfg = Release|x86
		{F4E2DC92-D194-4A26-8946-2EBDEDAB4096}.Release|ARM.ActiveCfg = Release|ARM
		{F4E2DC92-D194-4A26-8946-2EBDEDAB4096}.Release|ARM.Build.0 = Release|ARM
		{F4E2DC92-D194-4A26-8946-2EBDEDAB4096}.Release|ARM.Deploy.0 = Release|ARM
		{F4E2DC92-D194-4A26-8946-2EBDEDAB4096}.Release|iPhone.ActiveCfg = Release|x86
		{F4E2DC92-D194-4A26-8946-2EBDEDAB4096}.Release|iPhoneSimulator.ActiveCfg = Release|x86
		{F4E2DC92-D194-4A26-8946-2EBDEDAB4096}.Release|x64.ActiveCfg = Release|x64
		{F4E2DC92-D194-4A26-8946-2EBDEDAB4096}.Release|x64.Build.0 = Release|x64
		{F4E2DC92-D194-4A26-8946-2EBDEDAB4096}.Release|x64.Deploy.0 = Release|x64
		{F4E2DC92-D194-4A26-8946-2EBDEDAB4096}.Release|x86.ActiveCfg = Release|x86
		{F4E2DC92-D194-4A26-8946-2EBDEDAB4096}.Release|x86.Build.0 = Release|x86
		{F4E2DC92-D194-4A26-8946-2EBDEDAB4096}.Release|x86.Deploy.0 = Release|x86
		{D15FEDCD-694E-4804-9FD8-C10740521513}.Ad-Hoc|Any CPU.ActiveCfg = Debug|Any CPU
		{D15FEDCD-694E-4804-9FD8-C10740521513}.Ad-Hoc|Any CPU.Build.0 = Debug|Any CPU
		{D15FEDCD-694E-4804-9FD8-C10740521513}.Ad-Hoc|ARM.ActiveCfg = Debug|Any CPU
		{D15FEDCD-694E-4804-9FD8-C10740521513}.Ad-Hoc|ARM.Build.0 = Debug|Any CPU
		{D15FEDCD-694E-4804-9FD8-C10740521513}.Ad-Hoc|iPhone.ActiveCfg = Debug|Any CPU
		{D15FEDCD-694E-4804-9FD8-C10740521513}.Ad-Hoc|iPhone.Build.0 = Debug|Any CPU
		{D15FEDCD-694E-4804-9FD8-C10740521513}.Ad-Hoc|iPhoneSimulator.ActiveCfg = Debug|Any CPU
		{D15FEDCD-694E-4804-9FD8-C10740521513}.Ad-Hoc|iPhoneSimulator.Build.0 = Debug|Any CPU
		{D15FEDCD-694E-4804-9FD8-C10740521513}.Ad-Hoc|x64.ActiveCfg = Debug|Any CPU
		{D15FEDCD-694E-4804-9FD8-C10740521513}.Ad-Hoc|x64.Build.0 = Debug|Any CPU
		{D15FEDCD-694E-4804-9FD8-C10740521513}.Ad-Hoc|x86.ActiveCfg = Debug|Any CPU
		{D15FEDCD-694E-4804-9FD8-C10740521513}.Ad-Hoc|x86.Build.0 = Debug|Any CPU
		{D15FEDCD-694E-4804-9FD8-C10740521513}.AppStore|Any CPU.ActiveCfg = Debug|Any CPU
		{D15FEDCD-694E-4804-9FD8-C10740521513}.AppStore|Any CPU.Build.0 = Debug|Any CPU
		{D15FEDCD-694E-4804-9FD8-C10740521513}.AppStore|ARM.ActiveCfg = Debug|Any CPU
		{D15FEDCD-694E-4804-9FD8-C10740521513}.AppStore|ARM.Build.0 = Debug|Any CPU
		{D15FEDCD-694E-4804-9FD8-C10740521513}.AppStore|iPhone.ActiveCfg = Debug|Any CPU
		{D15FEDCD-694E-4804-9FD8-C10740521513}.AppStore|iPhone.Build.0 = Debug|Any CPU
		{D15FEDCD-694E-4804-9FD8-C10740521513}.AppStore|iPhoneSimulator.ActiveCfg = Debug|Any CPU
		{D15FEDCD-694E-4804-9FD8-C10740521513}.AppStore|iPhoneSimulator.Build.0 = Debug|Any CPU
		{D15FEDCD-694E-4804-9FD8-C10740521513}.AppStore|x64.ActiveCfg = Debug|Any CPU
		{D15FEDCD-694E-4804-9FD8-C10740521513}.AppStore|x64.Build.0 = Debug|Any CPU
		{D15FEDCD-694E-4804-9FD8-C10740521513}.AppStore|x86.ActiveCfg = Debug|Any CPU
		{D15FEDCD-694E-4804-9FD8-C10740521513}.AppStore|x86.Build.0 = Debug|Any CPU
		{D15FEDCD-694E-4804-9FD8-C10740521513}.Debug|Any CPU.ActiveCfg = Debug|Any CPU
		{D15FEDCD-694E-4804-9FD8-C10740521513}.Debug|Any CPU.Build.0 = Debug|Any CPU
		{D15FEDCD-694E-4804-9FD8-C10740521513}.Debug|ARM.ActiveCfg = Debug|Any CPU
		{D15FEDCD-694E-4804-9FD8-C10740521513}.Debug|ARM.Build.0 = Debug|Any CPU
		{D15FEDCD-694E-4804-9FD8-C10740521513}.Debug|iPhone.ActiveCfg = Debug|Any CPU
		{D15FEDCD-694E-4804-9FD8-C10740521513}.Debug|iPhone.Build.0 = Debug|Any CPU
		{D15FEDCD-694E-4804-9FD8-C10740521513}.Debug|iPhoneSimulator.ActiveCfg = Debug|Any CPU
		{D15FEDCD-694E-4804-9FD8-C10740521513}.Debug|iPhoneSimulator.Build.0 = Debug|Any CPU
		{D15FEDCD-694E-4804-9FD8-C10740521513}.Debug|x64.ActiveCfg = Debug|Any CPU
		{D15FEDCD-694E-4804-9FD8-C10740521513}.Debug|x64.Build.0 = Debug|Any CPU
		{D15FEDCD-694E-4804-9FD8-C10740521513}.Debug|x86.ActiveCfg = Debug|Any CPU
		{D15FEDCD-694E-4804-9FD8-C10740521513}.Debug|x86.Build.0 = Debug|Any CPU
		{D15FEDCD-694E-4804-9FD8-C10740521513}.Release|Any CPU.ActiveCfg = Release|Any CPU
		{D15FEDCD-694E-4804-9FD8-C10740521513}.Release|Any CPU.Build.0 = Release|Any CPU
		{D15FEDCD-694E-4804-9FD8-C10740521513}.Release|ARM.ActiveCfg = Release|Any CPU
		{D15FEDCD-694E-4804-9FD8-C10740521513}.Release|ARM.Build.0 = Release|Any CPU
		{D15FEDCD-694E-4804-9FD8-C10740521513}.Release|iPhone.ActiveCfg = Release|Any CPU
		{D15FEDCD-694E-4804-9FD8-C10740521513}.Release|iPhone.Build.0 = Release|Any CPU
		{D15FEDCD-694E-4804-9FD8-C10740521513}.Release|iPhoneSimulator.ActiveCfg = Release|Any CPU
		{D15FEDCD-694E-4804-9FD8-C10740521513}.Release|iPhoneSimulator.Build.0 = Release|Any CPU
		{D15FEDCD-694E-4804-9FD8-C10740521513}.Release|x64.ActiveCfg = Release|Any CPU
		{D15FEDCD-694E-4804-9FD8-C10740521513}.Release|x64.Build.0 = Release|Any CPU
		{D15FEDCD-694E-4804-9FD8-C10740521513}.Release|x86.ActiveCfg = Release|Any CPU
		{D15FEDCD-694E-4804-9FD8-C10740521513}.Release|x86.Build.0 = Release|Any CPU
	EndGlobalSection
	GlobalSection(SolutionProperties) = preSolution
		HideSolutionNode = FALSE
	EndGlobalSection
	GlobalSection(ExtensibilityGlobals) = postSolution
		SolutionGuid = {66F8D682-83DF-45DF-BBC0-11E92C92837D}
	EndGlobalSection
EndGlobal
