
Microsoft Visual Studio Solution File, Format Version 12.00
# Visual Studio 15
VisualStudioVersion = 15.0.27130.2010
MinimumVisualStudioVersion = 10.0.40219.1
Project("{FAE04EC0-301F-11D3-BF4B-00C04F79EFBC}") = "Atividade_quatro.Android", "Atividade_quatro\Atividade_quatro.Android\Atividade_quatro.Android.csproj", "{84B6B779-64D3-4AFE-8CBE-641F2D0C0755}"
EndProject
Project("{FAE04EC0-301F-11D3-BF4B-00C04F79EFBC}") = "Atividade_quatro.iOS", "Atividade_quatro\Atividade_quatro.iOS\Atividade_quatro.iOS.csproj", "{E31F1B80-C26E-4D3F-AB44-804781DC8FEC}"
EndProject
Project("{FAE04EC0-301F-11D3-BF4B-00C04F79EFBC}") = "Atividade_quatro.UWP", "Atividade_quatro\Atividade_quatro.UWP\Atividade_quatro.UWP.csproj", "{5E899389-8598-4766-BF60-9CFC9872E8B6}"
EndProject
Project("{FAE04EC0-301F-11D3-BF4B-00C04F79EFBC}") = "Atividade_quatro", "Atividade_quatro\Atividade_quatro\Atividade_quatro.csproj", "{6D7A9F2B-0F49-424F-AB3E-61F7C0CE1860}"
EndProject
Global
	GlobalSection(SolutionConfigurationPlatforms) = preSolution
		Ad-Hoc|Any CPU = Ad-Hoc|Any CPU
		Ad-Hoc|ARM = Ad-Hoc|ARM
		Ad-Hoc|iPhone = Ad-Hoc|iPhone
		Ad-Hoc|iPhoneSimulator = Ad-Hoc|iPhoneSimulator
		Ad-Hoc|x64 = Ad-Hoc|x64
		Ad-Hoc|x86 = Ad-Hoc|x86
		AppStore|Any CPU = AppStore|Any CPU
		AppStore|ARM = AppStore|ARM
		AppStore|iPhone = AppStore|iPhone
		AppStore|iPhoneSimulator = AppStore|iPhoneSimulator
		AppStore|x64 = AppStore|x64
		AppStore|x86 = AppStore|x86
		Debug|Any CPU = Debug|Any CPU
		Debug|ARM = Debug|ARM
		Debug|iPhone = Debug|iPhone
		Debug|iPhoneSimulator = Debug|iPhoneSimulator
		Debug|x64 = Debug|x64
		Debug|x86 = Debug|x86
		Release|Any CPU = Release|Any CPU
		Release|ARM = Release|ARM
		Release|iPhone = Release|iPhone
		Release|iPhoneSimulator = Release|iPhoneSimulator
		Release|x64 = Release|x64
		Release|x86 = Release|x86
	EndGlobalSection
	GlobalSection(ProjectConfigurationPlatforms) = postSolution
		{84B6B779-64D3-4AFE-8CBE-641F2D0C0755}.Ad-Hoc|Any CPU.ActiveCfg = Release|Any CPU
		{84B6B779-64D3-4AFE-8CBE-641F2D0C0755}.Ad-Hoc|Any CPU.Build.0 = Release|Any CPU
		{84B6B779-64D3-4AFE-8CBE-641F2D0C0755}.Ad-Hoc|Any CPU.Deploy.0 = Release|Any CPU
		{84B6B779-64D3-4AFE-8CBE-641F2D0C0755}.Ad-Hoc|ARM.ActiveCfg = Release|Any CPU
		{84B6B779-64D3-4AFE-8CBE-641F2D0C0755}.Ad-Hoc|ARM.Build.0 = Release|Any CPU
		{84B6B779-64D3-4AFE-8CBE-641F2D0C0755}.Ad-Hoc|ARM.Deploy.0 = Release|Any CPU
		{84B6B779-64D3-4AFE-8CBE-641F2D0C0755}.Ad-Hoc|iPhone.ActiveCfg = Release|Any CPU
		{84B6B779-64D3-4AFE-8CBE-641F2D0C0755}.Ad-Hoc|iPhone.Build.0 = Release|Any CPU
		{84B6B779-64D3-4AFE-8CBE-641F2D0C0755}.Ad-Hoc|iPhone.Deploy.0 = Release|Any CPU
		{84B6B779-64D3-4AFE-8CBE-641F2D0C0755}.Ad-Hoc|iPhoneSimulator.ActiveCfg = Release|Any CPU
		{84B6B779-64D3-4AFE-8CBE-641F2D0C0755}.Ad-Hoc|iPhoneSimulator.Build.0 = Release|Any CPU
		{84B6B779-64D3-4AFE-8CBE-641F2D0C0755}.Ad-Hoc|iPhoneSimulator.Deploy.0 = Release|Any CPU
		{84B6B779-64D3-4AFE-8CBE-641F2D0C0755}.Ad-Hoc|x64.ActiveCfg = Release|Any CPU
		{84B6B779-64D3-4AFE-8CBE-641F2D0C0755}.Ad-Hoc|x64.Build.0 = Release|Any CPU
		{84B6B779-64D3-4AFE-8CBE-641F2D0C0755}.Ad-Hoc|x64.Deploy.0 = Release|Any CPU
		{84B6B779-64D3-4AFE-8CBE-641F2D0C0755}.Ad-Hoc|x86.ActiveCfg = Release|Any CPU
		{84B6B779-64D3-4AFE-8CBE-641F2D0C0755}.Ad-Hoc|x86.Build.0 = Release|Any CPU
		{84B6B779-64D3-4AFE-8CBE-641F2D0C0755}.Ad-Hoc|x86.Deploy.0 = Release|Any CPU
		{84B6B779-64D3-4AFE-8CBE-641F2D0C0755}.AppStore|Any CPU.ActiveCfg = Release|Any CPU
		{84B6B779-64D3-4AFE-8CBE-641F2D0C0755}.AppStore|Any CPU.Build.0 = Release|Any CPU
		{84B6B779-64D3-4AFE-8CBE-641F2D0C0755}.AppStore|Any CPU.Deploy.0 = Release|Any CPU
		{84B6B779-64D3-4AFE-8CBE-641F2D0C0755}.AppStore|ARM.ActiveCfg = Release|Any CPU
		{84B6B779-64D3-4AFE-8CBE-641F2D0C0755}.AppStore|ARM.Build.0 = Release|Any CPU
		{84B6B779-64D3-4AFE-8CBE-641F2D0C0755}.AppStore|ARM.Deploy.0 = Release|Any CPU
		{84B6B779-64D3-4AFE-8CBE-641F2D0C0755}.AppStore|iPhone.ActiveCfg = Release|Any CPU
		{84B6B779-64D3-4AFE-8CBE-641F2D0C0755}.AppStore|iPhone.Build.0 = Release|Any CPU
		{84B6B779-64D3-4AFE-8CBE-641F2D0C0755}.AppStore|iPhone.Deploy.0 = Release|Any CPU
		{84B6B779-64D3-4AFE-8CBE-641F2D0C0755}.AppStore|iPhoneSimulator.ActiveCfg = Release|Any CPU
		{84B6B779-64D3-4AFE-8CBE-641F2D0C0755}.AppStore|iPhoneSimulator.Build.0 = Release|Any CPU
		{84B6B779-64D3-4AFE-8CBE-641F2D0C0755}.AppStore|iPhoneSimulator.Deploy.0 = Release|Any CPU
		{84B6B779-64D3-4AFE-8CBE-641F2D0C0755}.AppStore|x64.ActiveCfg = Release|Any CPU
		{84B6B779-64D3-4AFE-8CBE-641F2D0C0755}.AppStore|x64.Build.0 = Release|Any CPU
		{84B6B779-64D3-4AFE-8CBE-641F2D0C0755}.AppStore|x64.Deploy.0 = Release|Any CPU
		{84B6B779-64D3-4AFE-8CBE-641F2D0C0755}.AppStore|x86.ActiveCfg = Release|Any CPU
		{84B6B779-64D3-4AFE-8CBE-641F2D0C0755}.AppStore|x86.Build.0 = Release|Any CPU
		{84B6B779-64D3-4AFE-8CBE-641F2D0C0755}.AppStore|x86.Deploy.0 = Release|Any CPU
		{84B6B779-64D3-4AFE-8CBE-641F2D0C0755}.Debug|Any CPU.ActiveCfg = Debug|Any CPU
		{84B6B779-64D3-4AFE-8CBE-641F2D0C0755}.Debug|Any CPU.Build.0 = Debug|Any CPU
		{84B6B779-64D3-4AFE-8CBE-641F2D0C0755}.Debug|Any CPU.Deploy.0 = Debug|Any CPU
		{84B6B779-64D3-4AFE-8CBE-641F2D0C0755}.Debug|ARM.ActiveCfg = Debug|Any CPU
		{84B6B779-64D3-4AFE-8CBE-641F2D0C0755}.Debug|ARM.Build.0 = Debug|Any CPU
		{84B6B779-64D3-4AFE-8CBE-641F2D0C0755}.Debug|ARM.Deploy.0 = Debug|Any CPU
		{84B6B779-64D3-4AFE-8CBE-641F2D0C0755}.Debug|iPhone.ActiveCfg = Debug|Any CPU
		{84B6B779-64D3-4AFE-8CBE-641F2D0C0755}.Debug|iPhone.Build.0 = Debug|Any CPU
		{84B6B779-64D3-4AFE-8CBE-641F2D0C0755}.Debug|iPhone.Deploy.0 = Debug|Any CPU
		{84B6B779-64D3-4AFE-8CBE-641F2D0C0755}.Debug|iPhoneSimulator.ActiveCfg = Debug|Any CPU
		{84B6B779-64D3-4AFE-8CBE-641F2D0C0755}.Debug|iPhoneSimulator.Build.0 = Debug|Any CPU
		{84B6B779-64D3-4AFE-8CBE-641F2D0C0755}.Debug|iPhoneSimulator.Deploy.0 = Debug|Any CPU
		{84B6B779-64D3-4AFE-8CBE-641F2D0C0755}.Debug|x64.ActiveCfg = Debug|Any CPU
		{84B6B779-64D3-4AFE-8CBE-641F2D0C0755}.Debug|x64.Build.0 = Debug|Any CPU
		{84B6B779-64D3-4AFE-8CBE-641F2D0C0755}.Debug|x64.Deploy.0 = Debug|Any CPU
		{84B6B779-64D3-4AFE-8CBE-641F2D0C0755}.Debug|x86.ActiveCfg = Debug|Any CPU
		{84B6B779-64D3-4AFE-8CBE-641F2D0C0755}.Debug|x86.Build.0 = Debug|Any CPU
		{84B6B779-64D3-4AFE-8CBE-641F2D0C0755}.Debug|x86.Deploy.0 = Debug|Any CPU
		{84B6B779-64D3-4AFE-8CBE-641F2D0C0755}.Release|Any CPU.ActiveCfg = Release|Any CPU
		{84B6B779-64D3-4AFE-8CBE-641F2D0C0755}.Release|Any CPU.Build.0 = Release|Any CPU
		{84B6B779-64D3-4AFE-8CBE-641F2D0C0755}.Release|Any CPU.Deploy.0 = Release|Any CPU
		{84B6B779-64D3-4AFE-8CBE-641F2D0C0755}.Release|ARM.ActiveCfg = Release|Any CPU
		{84B6B779-64D3-4AFE-8CBE-641F2D0C0755}.Release|ARM.Build.0 = Release|Any CPU
		{84B6B779-64D3-4AFE-8CBE-641F2D0C0755}.Release|ARM.Deploy.0 = Release|Any CPU
		{84B6B779-64D3-4AFE-8CBE-641F2D0C0755}.Release|iPhone.ActiveCfg = Release|Any CPU
		{84B6B779-64D3-4AFE-8CBE-641F2D0C0755}.Release|iPhone.Build.0 = Release|Any CPU
		{84B6B779-64D3-4AFE-8CBE-641F2D0C0755}.Release|iPhone.Deploy.0 = Release|Any CPU
		{84B6B779-64D3-4AFE-8CBE-641F2D0C0755}.Release|iPhoneSimulator.ActiveCfg = Release|Any CPU
		{84B6B779-64D3-4AFE-8CBE-641F2D0C0755}.Release|iPhoneSimulator.Build.0 = Release|Any CPU
		{84B6B779-64D3-4AFE-8CBE-641F2D0C0755}.Release|iPhoneSimulator.Deploy.0 = Release|Any CPU
		{84B6B779-64D3-4AFE-8CBE-641F2D0C0755}.Release|x64.ActiveCfg = Release|Any CPU
		{84B6B779-64D3-4AFE-8CBE-641F2D0C0755}.Release|x64.Build.0 = Release|Any CPU
		{84B6B779-64D3-4AFE-8CBE-641F2D0C0755}.Release|x64.Deploy.0 = Release|Any CPU
		{84B6B779-64D3-4AFE-8CBE-641F2D0C0755}.Release|x86.ActiveCfg = Release|Any CPU
		{84B6B779-64D3-4AFE-8CBE-641F2D0C0755}.Release|x86.Build.0 = Release|Any CPU
		{84B6B779-64D3-4AFE-8CBE-641F2D0C0755}.Release|x86.Deploy.0 = Release|Any CPU
		{E31F1B80-C26E-4D3F-AB44-804781DC8FEC}.Ad-Hoc|Any CPU.ActiveCfg = Ad-Hoc|iPhone
		{E31F1B80-C26E-4D3F-AB44-804781DC8FEC}.Ad-Hoc|ARM.ActiveCfg = Ad-Hoc|iPhone
		{E31F1B80-C26E-4D3F-AB44-804781DC8FEC}.Ad-Hoc|iPhone.ActiveCfg = Ad-Hoc|iPhone
		{E31F1B80-C26E-4D3F-AB44-804781DC8FEC}.Ad-Hoc|iPhone.Build.0 = Ad-Hoc|iPhone
		{E31F1B80-C26E-4D3F-AB44-804781DC8FEC}.Ad-Hoc|iPhoneSimulator.ActiveCfg = Ad-Hoc|iPhoneSimulator
		{E31F1B80-C26E-4D3F-AB44-804781DC8FEC}.Ad-Hoc|iPhoneSimulator.Build.0 = Ad-Hoc|iPhoneSimulator
		{E31F1B80-C26E-4D3F-AB44-804781DC8FEC}.Ad-Hoc|x64.ActiveCfg = Ad-Hoc|iPhone
		{E31F1B80-C26E-4D3F-AB44-804781DC8FEC}.Ad-Hoc|x86.ActiveCfg = Ad-Hoc|iPhone
		{E31F1B80-C26E-4D3F-AB44-804781DC8FEC}.AppStore|Any CPU.ActiveCfg = AppStore|iPhone
		{E31F1B80-C26E-4D3F-AB44-804781DC8FEC}.AppStore|ARM.ActiveCfg = AppStore|iPhone
		{E31F1B80-C26E-4D3F-AB44-804781DC8FEC}.AppStore|iPhone.ActiveCfg = AppStore|iPhone
		{E31F1B80-C26E-4D3F-AB44-804781DC8FEC}.AppStore|iPhone.Build.0 = AppStore|iPhone
		{E31F1B80-C26E-4D3F-AB44-804781DC8FEC}.AppStore|iPhoneSimulator.ActiveCfg = AppStore|iPhoneSimulator
		{E31F1B80-C26E-4D3F-AB44-804781DC8FEC}.AppStore|iPhoneSimulator.Build.0 = AppStore|iPhoneSimulator
		{E31F1B80-C26E-4D3F-AB44-804781DC8FEC}.AppStore|x64.ActiveCfg = AppStore|iPhone
		{E31F1B80-C26E-4D3F-AB44-804781DC8FEC}.AppStore|x86.ActiveCfg = AppStore|iPhone
		{E31F1B80-C26E-4D3F-AB44-804781DC8FEC}.Debug|Any CPU.ActiveCfg = Debug|iPhone
		{E31F1B80-C26E-4D3F-AB44-804781DC8FEC}.Debug|ARM.ActiveCfg = Debug|iPhone
		{E31F1B80-C26E-4D3F-AB44-804781DC8FEC}.Debug|iPhone.ActiveCfg = Debug|iPhone
		{E31F1B80-C26E-4D3F-AB44-804781DC8FEC}.Debug|iPhone.Build.0 = Debug|iPhone
		{E31F1B80-C26E-4D3F-AB44-804781DC8FEC}.Debug|iPhoneSimulator.ActiveCfg = Debug|iPhoneSimulator
		{E31F1B80-C26E-4D3F-AB44-804781DC8FEC}.Debug|iPhoneSimulator.Build.0 = Debug|iPhoneSimulator
		{E31F1B80-C26E-4D3F-AB44-804781DC8FEC}.Debug|x64.ActiveCfg = Debug|iPhone
		{E31F1B80-C26E-4D3F-AB44-804781DC8FEC}.Debug|x86.ActiveCfg = Debug|iPhone
		{E31F1B80-C26E-4D3F-AB44-804781DC8FEC}.Release|Any CPU.ActiveCfg = Release|iPhone
		{E31F1B80-C26E-4D3F-AB44-804781DC8FEC}.Release|ARM.ActiveCfg = Release|iPhone
		{E31F1B80-C26E-4D3F-AB44-804781DC8FEC}.Release|iPhone.ActiveCfg = Release|iPhone
		{E31F1B80-C26E-4D3F-AB44-804781DC8FEC}.Release|iPhone.Build.0 = Release|iPhone
		{E31F1B80-C26E-4D3F-AB44-804781DC8FEC}.Release|iPhoneSimulator.ActiveCfg = Release|iPhoneSimulator
		{E31F1B80-C26E-4D3F-AB44-804781DC8FEC}.Release|iPhoneSimulator.Build.0 = Release|iPhoneSimulator
		{E31F1B80-C26E-4D3F-AB44-804781DC8FEC}.Release|x64.ActiveCfg = Release|iPhone
		{E31F1B80-C26E-4D3F-AB44-804781DC8FEC}.Release|x86.ActiveCfg = Release|iPhone
		{5E899389-8598-4766-BF60-9CFC9872E8B6}.Ad-Hoc|Any CPU.ActiveCfg = Release|x86
		{5E899389-8598-4766-BF60-9CFC9872E8B6}.Ad-Hoc|Any CPU.Build.0 = Release|x86
		{5E899389-8598-4766-BF60-9CFC9872E8B6}.Ad-Hoc|Any CPU.Deploy.0 = Release|x86
		{5E899389-8598-4766-BF60-9CFC9872E8B6}.Ad-Hoc|ARM.ActiveCfg = Release|ARM
		{5E899389-8598-4766-BF60-9CFC9872E8B6}.Ad-Hoc|ARM.Build.0 = Release|ARM
		{5E899389-8598-4766-BF60-9CFC9872E8B6}.Ad-Hoc|ARM.Deploy.0 = Release|ARM
		{5E899389-8598-4766-BF60-9CFC9872E8B6}.Ad-Hoc|iPhone.ActiveCfg = Release|x86
		{5E899389-8598-4766-BF60-9CFC9872E8B6}.Ad-Hoc|iPhone.Build.0 = Release|x86
		{5E899389-8598-4766-BF60-9CFC9872E8B6}.Ad-Hoc|iPhone.Deploy.0 = Release|x86
		{5E899389-8598-4766-BF60-9CFC9872E8B6}.Ad-Hoc|iPhoneSimulator.ActiveCfg = Release|x86
		{5E899389-8598-4766-BF60-9CFC9872E8B6}.Ad-Hoc|iPhoneSimulator.Build.0 = Release|x86
		{5E899389-8598-4766-BF60-9CFC9872E8B6}.Ad-Hoc|iPhoneSimulator.Deploy.0 = Release|x86
		{5E899389-8598-4766-BF60-9CFC9872E8B6}.Ad-Hoc|x64.ActiveCfg = Release|x64
		{5E899389-8598-4766-BF60-9CFC9872E8B6}.Ad-Hoc|x64.Build.0 = Release|x64
		{5E899389-8598-4766-BF60-9CFC9872E8B6}.Ad-Hoc|x64.Deploy.0 = Release|x64
		{5E899389-8598-4766-BF60-9CFC9872E8B6}.Ad-Hoc|x86.ActiveCfg = Release|x86
		{5E899389-8598-4766-BF60-9CFC9872E8B6}.Ad-Hoc|x86.Build.0 = Release|x86
		{5E899389-8598-4766-BF60-9CFC9872E8B6}.Ad-Hoc|x86.Deploy.0 = Release|x86
		{5E899389-8598-4766-BF60-9CFC9872E8B6}.AppStore|Any CPU.ActiveCfg = Release|x86
		{5E899389-8598-4766-BF60-9CFC9872E8B6}.AppStore|Any CPU.Build.0 = Release|x86
		{5E899389-8598-4766-BF60-9CFC9872E8B6}.AppStore|Any CPU.Deploy.0 = Release|x86
		{5E899389-8598-4766-BF60-9CFC9872E8B6}.AppStore|ARM.ActiveCfg = Release|ARM
		{5E899389-8598-4766-BF60-9CFC9872E8B6}.AppStore|ARM.Build.0 = Release|ARM
		{5E899389-8598-4766-BF60-9CFC9872E8B6}.AppStore|ARM.Deploy.0 = Release|ARM
		{5E899389-8598-4766-BF60-9CFC9872E8B6}.AppStore|iPhone.ActiveCfg = Release|x86
		{5E899389-8598-4766-BF60-9CFC9872E8B6}.AppStore|iPhone.Build.0 = Release|x86
		{5E899389-8598-4766-BF60-9CFC9872E8B6}.AppStore|iPhone.Deploy.0 = Release|x86
		{5E899389-8598-4766-BF60-9CFC9872E8B6}.AppStore|iPhoneSimulator.ActiveCfg = Release|x86
		{5E899389-8598-4766-BF60-9CFC9872E8B6}.AppStore|iPhoneSimulator.Build.0 = Release|x86
		{5E899389-8598-4766-BF60-9CFC9872E8B6}.AppStore|iPhoneSimulator.Deploy.0 = Release|x86
		{5E899389-8598-4766-BF60-9CFC9872E8B6}.AppStore|x64.ActiveCfg = Release|x64
		{5E899389-8598-4766-BF60-9CFC9872E8B6}.AppStore|x64.Build.0 = Release|x64
		{5E899389-8598-4766-BF60-9CFC9872E8B6}.AppStore|x64.Deploy.0 = Release|x64
		{5E899389-8598-4766-BF60-9CFC9872E8B6}.AppStore|x86.ActiveCfg = Release|x86
		{5E899389-8598-4766-BF60-9CFC9872E8B6}.AppStore|x86.Build.0 = Release|x86
		{5E899389-8598-4766-BF60-9CFC9872E8B6}.AppStore|x86.Deploy.0 = Release|x86
		{5E899389-8598-4766-BF60-9CFC9872E8B6}.Debug|Any CPU.ActiveCfg = Debug|x86
		{5E899389-8598-4766-BF60-9CFC9872E8B6}.Debug|ARM.ActiveCfg = Debug|ARM
		{5E899389-8598-4766-BF60-9CFC9872E8B6}.Debug|ARM.Build.0 = Debug|ARM
		{5E899389-8598-4766-BF60-9CFC9872E8B6}.Debug|ARM.Deploy.0 = Debug|ARM
		{5E899389-8598-4766-BF60-9CFC9872E8B6}.Debug|iPhone.ActiveCfg = Debug|x86
		{5E899389-8598-4766-BF60-9CFC9872E8B6}.Debug|iPhoneSimulator.ActiveCfg = Debug|x86
		{5E899389-8598-4766-BF60-9CFC9872E8B6}.Debug|x64.ActiveCfg = Debug|x64
		{5E899389-8598-4766-BF60-9CFC9872E8B6}.Debug|x64.Build.0 = Debug|x64
		{5E899389-8598-4766-BF60-9CFC9872E8B6}.Debug|x64.Deploy.0 = Debug|x64
		{5E899389-8598-4766-BF60-9CFC9872E8B6}.Debug|x86.ActiveCfg = Debug|x86
		{5E899389-8598-4766-BF60-9CFC9872E8B6}.Debug|x86.Build.0 = Debug|x86
		{5E899389-8598-4766-BF60-9CFC9872E8B6}.Debug|x86.Deploy.0 = Debug|x86
		{5E899389-8598-4766-BF60-9CFC9872E8B6}.Release|Any CPU.ActiveCfg = Release|x86
		{5E899389-8598-4766-BF60-9CFC9872E8B6}.Release|ARM.ActiveCfg = Release|ARM
		{5E899389-8598-4766-BF60-9CFC9872E8B6}.Release|ARM.Build.0 = Release|ARM
		{5E899389-8598-4766-BF60-9CFC9872E8B6}.Release|ARM.Deploy.0 = Release|ARM
		{5E899389-8598-4766-BF60-9CFC9872E8B6}.Release|iPhone.ActiveCfg = Release|x86
		{5E899389-8598-4766-BF60-9CFC9872E8B6}.Release|iPhoneSimulator.ActiveCfg = Release|x86
		{5E899389-8598-4766-BF60-9CFC9872E8B6}.Release|x64.ActiveCfg = Release|x64
		{5E899389-8598-4766-BF60-9CFC9872E8B6}.Release|x64.Build.0 = Release|x64
		{5E899389-8598-4766-BF60-9CFC9872E8B6}.Release|x64.Deploy.0 = Release|x64
		{5E899389-8598-4766-BF60-9CFC9872E8B6}.Release|x86.ActiveCfg = Release|x86
		{5E899389-8598-4766-BF60-9CFC9872E8B6}.Release|x86.Build.0 = Release|x86
		{5E899389-8598-4766-BF60-9CFC9872E8B6}.Release|x86.Deploy.0 = Release|x86
		{6D7A9F2B-0F49-424F-AB3E-61F7C0CE1860}.Ad-Hoc|Any CPU.ActiveCfg = Debug|Any CPU
		{6D7A9F2B-0F49-424F-AB3E-61F7C0CE1860}.Ad-Hoc|Any CPU.Build.0 = Debug|Any CPU
		{6D7A9F2B-0F49-424F-AB3E-61F7C0CE1860}.Ad-Hoc|ARM.ActiveCfg = Debug|Any CPU
		{6D7A9F2B-0F49-424F-AB3E-61F7C0CE1860}.Ad-Hoc|ARM.Build.0 = Debug|Any CPU
		{6D7A9F2B-0F49-424F-AB3E-61F7C0CE1860}.Ad-Hoc|iPhone.ActiveCfg = Debug|Any CPU
		{6D7A9F2B-0F49-424F-AB3E-61F7C0CE1860}.Ad-Hoc|iPhone.Build.0 = Debug|Any CPU
		{6D7A9F2B-0F49-424F-AB3E-61F7C0CE1860}.Ad-Hoc|iPhoneSimulator.ActiveCfg = Debug|Any CPU
		{6D7A9F2B-0F49-424F-AB3E-61F7C0CE1860}.Ad-Hoc|iPhoneSimulator.Build.0 = Debug|Any CPU
		{6D7A9F2B-0F49-424F-AB3E-61F7C0CE1860}.Ad-Hoc|x64.ActiveCfg = Debug|Any CPU
		{6D7A9F2B-0F49-424F-AB3E-61F7C0CE1860}.Ad-Hoc|x64.Build.0 = Debug|Any CPU
		{6D7A9F2B-0F49-424F-AB3E-61F7C0CE1860}.Ad-Hoc|x86.ActiveCfg = Debug|Any CPU
		{6D7A9F2B-0F49-424F-AB3E-61F7C0CE1860}.Ad-Hoc|x86.Build.0 = Debug|Any CPU
		{6D7A9F2B-0F49-424F-AB3E-61F7C0CE1860}.AppStore|Any CPU.ActiveCfg = Debug|Any CPU
		{6D7A9F2B-0F49-424F-AB3E-61F7C0CE1860}.AppStore|Any CPU.Build.0 = Debug|Any CPU
		{6D7A9F2B-0F49-424F-AB3E-61F7C0CE1860}.AppStore|ARM.ActiveCfg = Debug|Any CPU
		{6D7A9F2B-0F49-424F-AB3E-61F7C0CE1860}.AppStore|ARM.Build.0 = Debug|Any CPU
		{6D7A9F2B-0F49-424F-AB3E-61F7C0CE1860}.AppStore|iPhone.ActiveCfg = Debug|Any CPU
		{6D7A9F2B-0F49-424F-AB3E-61F7C0CE1860}.AppStore|iPhone.Build.0 = Debug|Any CPU
		{6D7A9F2B-0F49-424F-AB3E-61F7C0CE1860}.AppStore|iPhoneSimulator.ActiveCfg = Debug|Any CPU
		{6D7A9F2B-0F49-424F-AB3E-61F7C0CE1860}.AppStore|iPhoneSimulator.Build.0 = Debug|Any CPU
		{6D7A9F2B-0F49-424F-AB3E-61F7C0CE1860}.AppStore|x64.ActiveCfg = Debug|Any CPU
		{6D7A9F2B-0F49-424F-AB3E-61F7C0CE1860}.AppStore|x64.Build.0 = Debug|Any CPU
		{6D7A9F2B-0F49-424F-AB3E-61F7C0CE1860}.AppStore|x86.ActiveCfg = Debug|Any CPU
		{6D7A9F2B-0F49-424F-AB3E-61F7C0CE1860}.AppStore|x86.Build.0 = Debug|Any CPU
		{6D7A9F2B-0F49-424F-AB3E-61F7C0CE1860}.Debug|Any CPU.ActiveCfg = Debug|Any CPU
		{6D7A9F2B-0F49-424F-AB3E-61F7C0CE1860}.Debug|Any CPU.Build.0 = Debug|Any CPU
		{6D7A9F2B-0F49-424F-AB3E-61F7C0CE1860}.Debug|ARM.ActiveCfg = Debug|Any CPU
		{6D7A9F2B-0F49-424F-AB3E-61F7C0CE1860}.Debug|ARM.Build.0 = Debug|Any CPU
		{6D7A9F2B-0F49-424F-AB3E-61F7C0CE1860}.Debug|iPhone.ActiveCfg = Debug|Any CPU
		{6D7A9F2B-0F49-424F-AB3E-61F7C0CE1860}.Debug|iPhone.Build.0 = Debug|Any CPU
		{6D7A9F2B-0F49-424F-AB3E-61F7C0CE1860}.Debug|iPhoneSimulator.ActiveCfg = Debug|Any CPU
		{6D7A9F2B-0F49-424F-AB3E-61F7C0CE1860}.Debug|iPhoneSimulator.Build.0 = Debug|Any CPU
		{6D7A9F2B-0F49-424F-AB3E-61F7C0CE1860}.Debug|x64.ActiveCfg = Debug|Any CPU
		{6D7A9F2B-0F49-424F-AB3E-61F7C0CE1860}.Debug|x64.Build.0 = Debug|Any CPU
		{6D7A9F2B-0F49-424F-AB3E-61F7C0CE1860}.Debug|x86.ActiveCfg = Debug|Any CPU
		{6D7A9F2B-0F49-424F-AB3E-61F7C0CE1860}.Debug|x86.Build.0 = Debug|Any CPU
		{6D7A9F2B-0F49-424F-AB3E-61F7C0CE1860}.Release|Any CPU.ActiveCfg = Release|Any CPU
		{6D7A9F2B-0F49-424F-AB3E-61F7C0CE1860}.Release|Any CPU.Build.0 = Release|Any CPU
		{6D7A9F2B-0F49-424F-AB3E-61F7C0CE1860}.Release|ARM.ActiveCfg = Release|Any CPU
		{6D7A9F2B-0F49-424F-AB3E-61F7C0CE1860}.Release|ARM.Build.0 = Release|Any CPU
		{6D7A9F2B-0F49-424F-AB3E-61F7C0CE1860}.Release|iPhone.ActiveCfg = Release|Any CPU
		{6D7A9F2B-0F49-424F-AB3E-61F7C0CE1860}.Release|iPhone.Build.0 = Release|Any CPU
		{6D7A9F2B-0F49-424F-AB3E-61F7C0CE1860}.Release|iPhoneSimulator.ActiveCfg = Release|Any CPU
		{6D7A9F2B-0F49-424F-AB3E-61F7C0CE1860}.Release|iPhoneSimulator.Build.0 = Release|Any CPU
		{6D7A9F2B-0F49-424F-AB3E-61F7C0CE1860}.Release|x64.ActiveCfg = Release|Any CPU
		{6D7A9F2B-0F49-424F-AB3E-61F7C0CE1860}.Release|x64.Build.0 = Release|Any CPU
		{6D7A9F2B-0F49-424F-AB3E-61F7C0CE1860}.Release|x86.ActiveCfg = Release|Any CPU
		{6D7A9F2B-0F49-424F-AB3E-61F7C0CE1860}.Release|x86.Build.0 = Release|Any CPU
	EndGlobalSection
	GlobalSection(SolutionProperties) = preSolution
		HideSolutionNode = FALSE
	EndGlobalSection
	GlobalSection(ExtensibilityGlobals) = postSolution
		SolutionGuid = {E2101C43-6568-4B19-9580-BFDC10C595F6}
	EndGlobalSection
EndGlobal
